// !$*UTF8*$!
{
	archiveVersion = 1;
	classes = {
	};
	objectVersion = 55;
	objects = {

/* Begin PBXBuildFile section */
		7E7021F12793E65500AE09EC /* TwitterBirdViewController.swift in Sources */ = {isa = PBXBuildFile; fileRef = 7E7021F02793E65500AE09EC /* TwitterBirdViewController.swift */; };
		7E7021F42793F1B500AE09EC /* QuoraDotsViewController.swift in Sources */ = {isa = PBXBuildFile; fileRef = 7E7021F32793F1B500AE09EC /* QuoraDotsViewController.swift */; };
		7E7021F72794007700AE09EC /* SnapMainViewController.swift in Sources */ = {isa = PBXBuildFile; fileRef = 7E7021F62794007700AE09EC /* SnapMainViewController.swift */; };
		7E7021F92794033200AE09EC /* SnapChatViewController.swift in Sources */ = {isa = PBXBuildFile; fileRef = 7E7021F82794033200AE09EC /* SnapChatViewController.swift */; };
		7E7021FB2794034800AE09EC /* SnapStoriesViewController.swift in Sources */ = {isa = PBXBuildFile; fileRef = 7E7021FA2794034800AE09EC /* SnapStoriesViewController.swift */; };
		7E7021FD2794035500AE09EC /* SnapDiscoverViewController.swift in Sources */ = {isa = PBXBuildFile; fileRef = 7E7021FC2794035500AE09EC /* SnapDiscoverViewController.swift */; };
		7E7021FF2794037E00AE09EC /* SnapCommon.swift in Sources */ = {isa = PBXBuildFile; fileRef = 7E7021FE2794037E00AE09EC /* SnapCommon.swift */; };
		7E7022052794147800AE09EC /* SpotifyMasterViewController.swift in Sources */ = {isa = PBXBuildFile; fileRef = 7E7022042794147800AE09EC /* SpotifyMasterViewController.swift */; };
		7E7022072794149400AE09EC /* moments.mp4 in Resources */ = {isa = PBXBuildFile; fileRef = 7E7022062794149400AE09EC /* moments.mp4 */; };
		7E74262427944B55002405D4 /* VideoSplashViewController.swift in Sources */ = {isa = PBXBuildFile; fileRef = 7E74262327944B55002405D4 /* VideoSplashViewController.swift */; };
		7E74262627944DC2002405D4 /* VideoCutter.swift in Sources */ = {isa = PBXBuildFile; fileRef = 7E74262527944DC2002405D4 /* VideoCutter.swift */; };
		7E74262827944F1D002405D4 /* UIViewController+MSYExtension.swift in Sources */ = {isa = PBXBuildFile; fileRef = 7E74262727944F1D002405D4 /* UIViewController+MSYExtension.swift */; };
		7E74262B279460FA002405D4 /* DesignPatternListViewController.swift in Sources */ = {isa = PBXBuildFile; fileRef = 7E74262A279460FA002405D4 /* DesignPatternListViewController.swift */; };
		7E74262E27946AF3002405D4 /* LibraryAndKitListViewController.swift in Sources */ = {isa = PBXBuildFile; fileRef = 7E74262D27946AF3002405D4 /* LibraryAndKitListViewController.swift */; };
		7E74263127946BB1002405D4 /* BrowserViewController.swift in Sources */ = {isa = PBXBuildFile; fileRef = 7E74263027946BB1002405D4 /* BrowserViewController.swift */; };
		7E9243E72791AE0600D4439E /* MSYAnimationsListViewController.swift in Sources */ = {isa = PBXBuildFile; fileRef = 7E9243E62791AE0600D4439E /* MSYAnimationsListViewController.swift */; };
		7E9243EA2791B1D700D4439E /* AnimationsExampleViewController.swift in Sources */ = {isa = PBXBuildFile; fileRef = 7E9243E92791B1D700D4439E /* AnimationsExampleViewController.swift */; };
		7E9243EC2791BA6000D4439E /* AnimationDetailViewController.swift in Sources */ = {isa = PBXBuildFile; fileRef = 7E9243EB2791BA6000D4439E /* AnimationDetailViewController.swift */; };
		7E9243EE2791BBDE00D4439E /* AnimationCommon.swift in Sources */ = {isa = PBXBuildFile; fileRef = 7E9243ED2791BBDE00D4439E /* AnimationCommon.swift */; };
		7E9243F12791D1D500D4439E /* TumblrMainViewController.swift in Sources */ = {isa = PBXBuildFile; fileRef = 7E9243F02791D1D500D4439E /* TumblrMainViewController.swift */; };
		7E9243F32791DB4D00D4439E /* TumblrMenuViewController.swift in Sources */ = {isa = PBXBuildFile; fileRef = 7E9243F22791DB4D00D4439E /* TumblrMenuViewController.swift */; };
		7E9243F52791DB5F00D4439E /* TumblrMenuItemView.swift in Sources */ = {isa = PBXBuildFile; fileRef = 7E9243F42791DB5F00D4439E /* TumblrMenuItemView.swift */; };
		7EAD293F278C61FA005FDD3E /* PhotoStreamViewController.swift in Sources */ = {isa = PBXBuildFile; fileRef = 7EAD293E278C61FA005FDD3E /* PhotoStreamViewController.swift */; };
		7EAD2941278C64F4005FDD3E /* PhotoItem.swift in Sources */ = {isa = PBXBuildFile; fileRef = 7EAD2940278C64F4005FDD3E /* PhotoItem.swift */; };
		7EAD2943278C6546005FDD3E /* Photos.plist in Resources */ = {isa = PBXBuildFile; fileRef = 7EAD2942278C6546005FDD3E /* Photos.plist */; };
		7EAD2945278C659F005FDD3E /* UIImage+Decompression.swift in Sources */ = {isa = PBXBuildFile; fileRef = 7EAD2944278C659F005FDD3E /* UIImage+Decompression.swift */; };
		7EAD2947278C6962005FDD3E /* AnnotatedPhotoCell.swift in Sources */ = {isa = PBXBuildFile; fileRef = 7EAD2946278C6962005FDD3E /* AnnotatedPhotoCell.swift */; };
		7EAD2949278C69C0005FDD3E /* RoundedCornersView.swift in Sources */ = {isa = PBXBuildFile; fileRef = 7EAD2948278C69C0005FDD3E /* RoundedCornersView.swift */; };
		7EAD294C278C6EC9005FDD3E /* PinterestLayout.swift in Sources */ = {isa = PBXBuildFile; fileRef = 7EAD294B278C6EC9005FDD3E /* PinterestLayout.swift */; };
		7EB6A11527930F7B00B50AAD /* TransitionManager.swift in Sources */ = {isa = PBXBuildFile; fileRef = 7EB6A11427930F7B00B50AAD /* TransitionManager.swift */; };
		A4F37F87084D5408F4F72E26 /* Pods_SwiftProjects.framework in Frameworks */ = {isa = PBXBuildFile; fileRef = 413442FB6586B0E95965910F /* Pods_SwiftProjects.framework */; };
		E00635E9278818730017F7D3 /* PhotoCollectionViewController.swift in Sources */ = {isa = PBXBuildFile; fileRef = E00635E8278818730017F7D3 /* PhotoCollectionViewController.swift */; };
		E00635EB2788198C0017F7D3 /* MSYBaseCollectionViewCell.swift in Sources */ = {isa = PBXBuildFile; fileRef = E00635EA2788198C0017F7D3 /* MSYBaseCollectionViewCell.swift */; };
		E00635EE278819F50017F7D3 /* PhotoCollectionCell.swift in Sources */ = {isa = PBXBuildFile; fileRef = E00635ED278819F50017F7D3 /* PhotoCollectionCell.swift */; };
		E00635F027881E7F0017F7D3 /* UIImage+PhotoCollection.swift in Sources */ = {isa = PBXBuildFile; fileRef = E00635EF27881E7F0017F7D3 /* UIImage+PhotoCollection.swift */; };
		E00635F4278821A40017F7D3 /* PhotoCommentViewController.swift in Sources */ = {isa = PBXBuildFile; fileRef = E00635F3278821A40017F7D3 /* PhotoCommentViewController.swift */; };
		E00635F727882CD90017F7D3 /* PhotoPageViewController.swift in Sources */ = {isa = PBXBuildFile; fileRef = E00635F627882CD90017F7D3 /* PhotoPageViewController.swift */; };
		E00635FA27883D440017F7D3 /* ZoomedPhotoViewController.swift in Sources */ = {isa = PBXBuildFile; fileRef = E00635F927883D440017F7D3 /* ZoomedPhotoViewController.swift */; };
		E0063BC0278415C000E7FEBD /* TDAddItemViewController.swift in Sources */ = {isa = PBXBuildFile; fileRef = E0063BBF278415C000E7FEBD /* TDAddItemViewController.swift */; };
		E0063BC227842B1800E7FEBD /* UIApplication+MSYExtension.swift in Sources */ = {isa = PBXBuildFile; fileRef = E0063BC127842B1800E7FEBD /* UIApplication+MSYExtension.swift */; };
		E0063BC42784334200E7FEBD /* TDDetailViewController.swift in Sources */ = {isa = PBXBuildFile; fileRef = E0063BC32784334200E7FEBD /* TDDetailViewController.swift */; };
		E0063BC6278436B900E7FEBD /* UIView+MSYExtension.swift in Sources */ = {isa = PBXBuildFile; fileRef = E0063BC5278436B900E7FEBD /* UIView+MSYExtension.swift */; };
		E0063BCD27844E3B00E7FEBD /* ArtistListViewController.swift in Sources */ = {isa = PBXBuildFile; fileRef = E0063BCC27844E3B00E7FEBD /* ArtistListViewController.swift */; };
		E0063BCF27844EE300E7FEBD /* ArtistCell.swift in Sources */ = {isa = PBXBuildFile; fileRef = E0063BCE27844EE300E7FEBD /* ArtistCell.swift */; };
		E0063BD12784539400E7FEBD /* Artist.swift in Sources */ = {isa = PBXBuildFile; fileRef = E0063BD02784539400E7FEBD /* Artist.swift */; };
		E0063BD3278453BE00E7FEBD /* artists.json in Resources */ = {isa = PBXBuildFile; fileRef = E0063BD2278453BE00E7FEBD /* artists.json */; };
		E0063BD5278453C900E7FEBD /* Work.swift in Sources */ = {isa = PBXBuildFile; fileRef = E0063BD4278453C900E7FEBD /* Work.swift */; };
		E01E0B21277EA268004E05B7 /* TDItemListViewController.swift in Sources */ = {isa = PBXBuildFile; fileRef = E01E0B20277EA268004E05B7 /* TDItemListViewController.swift */; };
		E01E0B23277EA2E4004E05B7 /* TDItemListDataProvider.swift in Sources */ = {isa = PBXBuildFile; fileRef = E01E0B22277EA2E4004E05B7 /* TDItemListDataProvider.swift */; };
		E01E0B28277EA378004E05B7 /* TDItemManager.swift in Sources */ = {isa = PBXBuildFile; fileRef = E01E0B27277EA378004E05B7 /* TDItemManager.swift */; };
		E01E0B2A277EA38C004E05B7 /* TDItem.swift in Sources */ = {isa = PBXBuildFile; fileRef = E01E0B29277EA38C004E05B7 /* TDItem.swift */; };
		E01E0B2C277EA39B004E05B7 /* TDLocation.swift in Sources */ = {isa = PBXBuildFile; fileRef = E01E0B2B277EA39B004E05B7 /* TDLocation.swift */; };
		E0243C242785767900D40405 /* UIImage+MSYExtension.swift in Sources */ = {isa = PBXBuildFile; fileRef = E0243C232785767900D40405 /* UIImage+MSYExtension.swift */; };
		E0243C292785885800D40405 /* CandyListViewController.swift in Sources */ = {isa = PBXBuildFile; fileRef = E0243C282785885800D40405 /* CandyListViewController.swift */; };
		E0243C2B2785888C00D40405 /* Candy.swift in Sources */ = {isa = PBXBuildFile; fileRef = E0243C2A2785888C00D40405 /* Candy.swift */; };
		E0364645277D454900C0AE32 /* MSYListViewController.swift in Sources */ = {isa = PBXBuildFile; fileRef = E0364644277D454900C0AE32 /* MSYListViewController.swift */; };
		E036464B277D84FB00C0AE32 /* FBMeViewController.swift in Sources */ = {isa = PBXBuildFile; fileRef = E036464A277D84FB00C0AE32 /* FBMeViewController.swift */; };
		E036464E277D878700C0AE32 /* FBSpecs.swift in Sources */ = {isa = PBXBuildFile; fileRef = E036464D277D878700C0AE32 /* FBSpecs.swift */; };
		E0364650277D881400C0AE32 /* UIColor+FBExtension.swift in Sources */ = {isa = PBXBuildFile; fileRef = E036464F277D881400C0AE32 /* UIColor+FBExtension.swift */; };
		E0364652277D8CE500C0AE32 /* FBMeBaseCell.swift in Sources */ = {isa = PBXBuildFile; fileRef = E0364651277D8CE500C0AE32 /* FBMeBaseCell.swift */; };
		E0364655277D8D2E00C0AE32 /* MSYBaseTableViewCell.swift in Sources */ = {isa = PBXBuildFile; fileRef = E0364654277D8D2E00C0AE32 /* MSYBaseTableViewCell.swift */; };
		E0364659277D8E6400C0AE32 /* UIColor+MSYExtension.swift in Sources */ = {isa = PBXBuildFile; fileRef = E0364658277D8E6400C0AE32 /* UIColor+MSYExtension.swift */; };
		E036465B277D924A00C0AE32 /* FBTableKeys.swift in Sources */ = {isa = PBXBuildFile; fileRef = E036465A277D924A00C0AE32 /* FBTableKeys.swift */; };
		E036465D277D929C00C0AE32 /* FBMeUser.swift in Sources */ = {isa = PBXBuildFile; fileRef = E036465C277D929C00C0AE32 /* FBMeUser.swift */; };
		E039AA8E2787240A00E7E45D /* NewsListViewController.swift in Sources */ = {isa = PBXBuildFile; fileRef = E039AA8D2787240A00E7E45D /* NewsListViewController.swift */; };
		E039AA90278724BF00E7E45D /* NewsListCell.swift in Sources */ = {isa = PBXBuildFile; fileRef = E039AA8F278724BF00E7E45D /* NewsListCell.swift */; };
		E039AA922787294100E7E45D /* FeedParser.swift in Sources */ = {isa = PBXBuildFile; fileRef = E039AA912787294100E7E45D /* FeedParser.swift */; };
		E04F75A22786A30900E8DE2C /* PokedexGoListViewController.swift in Sources */ = {isa = PBXBuildFile; fileRef = E04F75A12786A30900E8DE2C /* PokedexGoListViewController.swift */; };
		E04F75A42786DD5900E8DE2C /* PokedexGoListCell.swift in Sources */ = {isa = PBXBuildFile; fileRef = E04F75A32786DD5900E8DE2C /* PokedexGoListCell.swift */; };
		E04F75A62786E23D00E8DE2C /* Pokemon.swift in Sources */ = {isa = PBXBuildFile; fileRef = E04F75A52786E23D00E8DE2C /* Pokemon.swift */; };
		E04F75A82786E2ED00E8DE2C /* PokemonConstants.swift in Sources */ = {isa = PBXBuildFile; fileRef = E04F75A72786E2ED00E8DE2C /* PokemonConstants.swift */; };
		E04F75AA2786E3AC00E8DE2C /* LibraryAPI.swift in Sources */ = {isa = PBXBuildFile; fileRef = E04F75A92786E3AC00E8DE2C /* LibraryAPI.swift */; };
		E04F75AC2786EF8B00E8DE2C /* PersistencyManager.swift in Sources */ = {isa = PBXBuildFile; fileRef = E04F75AB2786EF8B00E8DE2C /* PersistencyManager.swift */; };
		E04F75AE2786F5C600E8DE2C /* PokedexGoDetailViewController.swift in Sources */ = {isa = PBXBuildFile; fileRef = E04F75AD2786F5C600E8DE2C /* PokedexGoDetailViewController.swift */; };
		E05505FD27859A5700A8E175 /* CandyDetailViewController.swift in Sources */ = {isa = PBXBuildFile; fileRef = E05505FC27859A5700A8E175 /* CandyDetailViewController.swift */; };
		E05FD383278C318F00FFEFCB /* InterestsViewController.swift in Sources */ = {isa = PBXBuildFile; fileRef = E05FD382278C318F00FFEFCB /* InterestsViewController.swift */; };
		E05FD385278C333000FFEFCB /* InterestsCollectionViewCell.swift in Sources */ = {isa = PBXBuildFile; fileRef = E05FD384278C333000FFEFCB /* InterestsCollectionViewCell.swift */; };
		E05FD387278C340900FFEFCB /* Interest.swift in Sources */ = {isa = PBXBuildFile; fileRef = E05FD386278C340900FFEFCB /* Interest.swift */; };
		E0872EA627848E4200C6B2DF /* ArtistDetailViewController.swift in Sources */ = {isa = PBXBuildFile; fileRef = E0872EA527848E4200C6B2DF /* ArtistDetailViewController.swift */; };
		E0872EA827848F8400C6B2DF /* WorkCell.swift in Sources */ = {isa = PBXBuildFile; fileRef = E0872EA727848F8400C6B2DF /* WorkCell.swift */; };
		E0D33A8F277C12A1002ECAF1 /* PluginTableView.swift in Sources */ = {isa = PBXBuildFile; fileRef = E0D33A88277C12A1002ECAF1 /* PluginTableView.swift */; };
		E0D33A90277C12A1002ECAF1 /* Configurator.swift in Sources */ = {isa = PBXBuildFile; fileRef = E0D33A89277C12A1002ECAF1 /* Configurator.swift */; };
		E0D33A91277C12A1002ECAF1 /* Section.swift in Sources */ = {isa = PBXBuildFile; fileRef = E0D33A8A277C12A1002ECAF1 /* Section.swift */; };
		E0D33A92277C12A1002ECAF1 /* DataSource.swift in Sources */ = {isa = PBXBuildFile; fileRef = E0D33A8B277C12A1002ECAF1 /* DataSource.swift */; };
		E0D33A93277C12A1002ECAF1 /* ATShareMacro.swift in Sources */ = {isa = PBXBuildFile; fileRef = E0D33A8D277C12A1002ECAF1 /* ATShareMacro.swift */; };
		E0D33A94277C12A1002ECAF1 /* MSYBaseViewController.swift in Sources */ = {isa = PBXBuildFile; fileRef = E0D33A8E277C12A1002ECAF1 /* MSYBaseViewController.swift */; };
		E0D33A96277C1453002ECAF1 /* MSYKitFoundationViewController.swift in Sources */ = {isa = PBXBuildFile; fileRef = E0D33A95277C1453002ECAF1 /* MSYKitFoundationViewController.swift */; };
		E0D33A9A277C32EF002ECAF1 /* GoodAsOldPhonesTabBarCtr.swift in Sources */ = {isa = PBXBuildFile; fileRef = E0D33A99277C32EF002ECAF1 /* GoodAsOldPhonesTabBarCtr.swift */; };
		E0D33A9C277C33AD002ECAF1 /* ProductListViewController.swift in Sources */ = {isa = PBXBuildFile; fileRef = E0D33A9B277C33AD002ECAF1 /* ProductListViewController.swift */; };
		E0D33A9E277C34CA002ECAF1 /* ContactViewController.swift in Sources */ = {isa = PBXBuildFile; fileRef = E0D33A9D277C34CA002ECAF1 /* ContactViewController.swift */; };
		E0D33AA0277C6261002ECAF1 /* MSYNavigationController.swift in Sources */ = {isa = PBXBuildFile; fileRef = E0D33A9F277C6261002ECAF1 /* MSYNavigationController.swift */; };
		E0D33AA4277C6435002ECAF1 /* Product.swift in Sources */ = {isa = PBXBuildFile; fileRef = E0D33AA3277C6435002ECAF1 /* Product.swift */; };
		E0D33AA6277C65EF002ECAF1 /* ProductViewController.swift in Sources */ = {isa = PBXBuildFile; fileRef = E0D33AA5277C65EF002ECAF1 /* ProductViewController.swift */; };
		E0D33AA9277C6CCC002ECAF1 /* StopwatchViewController.swift in Sources */ = {isa = PBXBuildFile; fileRef = E0D33AA8277C6CCC002ECAF1 /* StopwatchViewController.swift */; };
		E0D33AAB277C6D28002ECAF1 /* Stopwatch.swift in Sources */ = {isa = PBXBuildFile; fileRef = E0D33AAA277C6D28002ECAF1 /* Stopwatch.swift */; };
		E0D49A582783F52F007815BA /* TDConstants.swift in Sources */ = {isa = PBXBuildFile; fileRef = E0D49A572783F52F007815BA /* TDConstants.swift */; };
		E0D49A5A2783F610007815BA /* TDItemCell.swift in Sources */ = {isa = PBXBuildFile; fileRef = E0D49A592783F610007815BA /* TDItemCell.swift */; };
		E0F3814D277B1B09002CF7B3 /* AppDelegate.swift in Sources */ = {isa = PBXBuildFile; fileRef = E0F3814C277B1B09002CF7B3 /* AppDelegate.swift */; };
		E0F3814F277B1B09002CF7B3 /* SceneDelegate.swift in Sources */ = {isa = PBXBuildFile; fileRef = E0F3814E277B1B09002CF7B3 /* SceneDelegate.swift */; };
		E0F38151277B1B09002CF7B3 /* ViewController.swift in Sources */ = {isa = PBXBuildFile; fileRef = E0F38150277B1B09002CF7B3 /* ViewController.swift */; };
		E0F38154277B1B09002CF7B3 /* Main.storyboard in Resources */ = {isa = PBXBuildFile; fileRef = E0F38152277B1B09002CF7B3 /* Main.storyboard */; };
		E0F38156277B1B0A002CF7B3 /* Assets.xcassets in Resources */ = {isa = PBXBuildFile; fileRef = E0F38155277B1B0A002CF7B3 /* Assets.xcassets */; };
		E0F38159277B1B0A002CF7B3 /* LaunchScreen.storyboard in Resources */ = {isa = PBXBuildFile; fileRef = E0F38157277B1B0A002CF7B3 /* LaunchScreen.storyboard */; };
		E0F38163277B1C67002CF7B3 /* MSYTabBarCtrConfig.swift in Sources */ = {isa = PBXBuildFile; fileRef = E0F38162277B1C67002CF7B3 /* MSYTabBarCtrConfig.swift */; };
/* End PBXBuildFile section */

/* Begin PBXFileReference section */
		413442FB6586B0E95965910F /* Pods_SwiftProjects.framework */ = {isa = PBXFileReference; explicitFileType = wrapper.framework; includeInIndex = 0; path = Pods_SwiftProjects.framework; sourceTree = BUILT_PRODUCTS_DIR; };
		4B39F81A3B319EC57AF0E507 /* Pods-SwiftProjects.release.xcconfig */ = {isa = PBXFileReference; includeInIndex = 1; lastKnownFileType = text.xcconfig; name = "Pods-SwiftProjects.release.xcconfig"; path = "Target Support Files/Pods-SwiftProjects/Pods-SwiftProjects.release.xcconfig"; sourceTree = "<group>"; };
		7E7021F02793E65500AE09EC /* TwitterBirdViewController.swift */ = {isa = PBXFileReference; lastKnownFileType = sourcecode.swift; path = TwitterBirdViewController.swift; sourceTree = "<group>"; };
		7E7021F32793F1B500AE09EC /* QuoraDotsViewController.swift */ = {isa = PBXFileReference; lastKnownFileType = sourcecode.swift; path = QuoraDotsViewController.swift; sourceTree = "<group>"; };
		7E7021F62794007700AE09EC /* SnapMainViewController.swift */ = {isa = PBXFileReference; lastKnownFileType = sourcecode.swift; path = SnapMainViewController.swift; sourceTree = "<group>"; };
		7E7021F82794033200AE09EC /* SnapChatViewController.swift */ = {isa = PBXFileReference; lastKnownFileType = sourcecode.swift; path = SnapChatViewController.swift; sourceTree = "<group>"; };
		7E7021FA2794034800AE09EC /* SnapStoriesViewController.swift */ = {isa = PBXFileReference; lastKnownFileType = sourcecode.swift; path = SnapStoriesViewController.swift; sourceTree = "<group>"; };
		7E7021FC2794035500AE09EC /* SnapDiscoverViewController.swift */ = {isa = PBXFileReference; lastKnownFileType = sourcecode.swift; path = SnapDiscoverViewController.swift; sourceTree = "<group>"; };
		7E7021FE2794037E00AE09EC /* SnapCommon.swift */ = {isa = PBXFileReference; lastKnownFileType = sourcecode.swift; path = SnapCommon.swift; sourceTree = "<group>"; };
		7E7022042794147800AE09EC /* SpotifyMasterViewController.swift */ = {isa = PBXFileReference; lastKnownFileType = sourcecode.swift; path = SpotifyMasterViewController.swift; sourceTree = "<group>"; };
		7E7022062794149400AE09EC /* moments.mp4 */ = {isa = PBXFileReference; lastKnownFileType = file; path = moments.mp4; sourceTree = "<group>"; };
		7E74262327944B55002405D4 /* VideoSplashViewController.swift */ = {isa = PBXFileReference; lastKnownFileType = sourcecode.swift; path = VideoSplashViewController.swift; sourceTree = "<group>"; };
		7E74262527944DC2002405D4 /* VideoCutter.swift */ = {isa = PBXFileReference; lastKnownFileType = sourcecode.swift; path = VideoCutter.swift; sourceTree = "<group>"; };
		7E74262727944F1D002405D4 /* UIViewController+MSYExtension.swift */ = {isa = PBXFileReference; lastKnownFileType = sourcecode.swift; path = "UIViewController+MSYExtension.swift"; sourceTree = "<group>"; };
		7E74262A279460FA002405D4 /* DesignPatternListViewController.swift */ = {isa = PBXFileReference; lastKnownFileType = sourcecode.swift; path = DesignPatternListViewController.swift; sourceTree = "<group>"; };
		7E74262D27946AF3002405D4 /* LibraryAndKitListViewController.swift */ = {isa = PBXFileReference; lastKnownFileType = sourcecode.swift; path = LibraryAndKitListViewController.swift; sourceTree = "<group>"; };
		7E74263027946BB1002405D4 /* BrowserViewController.swift */ = {isa = PBXFileReference; lastKnownFileType = sourcecode.swift; path = BrowserViewController.swift; sourceTree = "<group>"; };
		7E9243E62791AE0600D4439E /* MSYAnimationsListViewController.swift */ = {isa = PBXFileReference; lastKnownFileType = sourcecode.swift; path = MSYAnimationsListViewController.swift; sourceTree = "<group>"; };
		7E9243E92791B1D700D4439E /* AnimationsExampleViewController.swift */ = {isa = PBXFileReference; lastKnownFileType = sourcecode.swift; path = AnimationsExampleViewController.swift; sourceTree = "<group>"; };
		7E9243EB2791BA6000D4439E /* AnimationDetailViewController.swift */ = {isa = PBXFileReference; lastKnownFileType = sourcecode.swift; path = AnimationDetailViewController.swift; sourceTree = "<group>"; };
		7E9243ED2791BBDE00D4439E /* AnimationCommon.swift */ = {isa = PBXFileReference; lastKnownFileType = sourcecode.swift; path = AnimationCommon.swift; sourceTree = "<group>"; };
		7E9243F02791D1D500D4439E /* TumblrMainViewController.swift */ = {isa = PBXFileReference; lastKnownFileType = sourcecode.swift; path = TumblrMainViewController.swift; sourceTree = "<group>"; };
		7E9243F22791DB4D00D4439E /* TumblrMenuViewController.swift */ = {isa = PBXFileReference; lastKnownFileType = sourcecode.swift; path = TumblrMenuViewController.swift; sourceTree = "<group>"; };
		7E9243F42791DB5F00D4439E /* TumblrMenuItemView.swift */ = {isa = PBXFileReference; lastKnownFileType = sourcecode.swift; path = TumblrMenuItemView.swift; sourceTree = "<group>"; };
		7EAD293E278C61FA005FDD3E /* PhotoStreamViewController.swift */ = {isa = PBXFileReference; lastKnownFileType = sourcecode.swift; path = PhotoStreamViewController.swift; sourceTree = "<group>"; };
		7EAD2940278C64F4005FDD3E /* PhotoItem.swift */ = {isa = PBXFileReference; lastKnownFileType = sourcecode.swift; path = PhotoItem.swift; sourceTree = "<group>"; };
		7EAD2942278C6546005FDD3E /* Photos.plist */ = {isa = PBXFileReference; fileEncoding = 4; lastKnownFileType = text.plist.xml; path = Photos.plist; sourceTree = "<group>"; };
		7EAD2944278C659F005FDD3E /* UIImage+Decompression.swift */ = {isa = PBXFileReference; lastKnownFileType = sourcecode.swift; path = "UIImage+Decompression.swift"; sourceTree = "<group>"; };
		7EAD2946278C6962005FDD3E /* AnnotatedPhotoCell.swift */ = {isa = PBXFileReference; lastKnownFileType = sourcecode.swift; path = AnnotatedPhotoCell.swift; sourceTree = "<group>"; };
		7EAD2948278C69C0005FDD3E /* RoundedCornersView.swift */ = {isa = PBXFileReference; lastKnownFileType = sourcecode.swift; path = RoundedCornersView.swift; sourceTree = "<group>"; };
		7EAD294B278C6EC9005FDD3E /* PinterestLayout.swift */ = {isa = PBXFileReference; lastKnownFileType = sourcecode.swift; path = PinterestLayout.swift; sourceTree = "<group>"; };
		7EB6A11427930F7B00B50AAD /* TransitionManager.swift */ = {isa = PBXFileReference; lastKnownFileType = sourcecode.swift; path = TransitionManager.swift; sourceTree = "<group>"; };
		8AFA3D98B2232C3B120FDD56 /* Pods-SwiftProjects.debug.xcconfig */ = {isa = PBXFileReference; includeInIndex = 1; lastKnownFileType = text.xcconfig; name = "Pods-SwiftProjects.debug.xcconfig"; path = "Target Support Files/Pods-SwiftProjects/Pods-SwiftProjects.debug.xcconfig"; sourceTree = "<group>"; };
		E00635E8278818730017F7D3 /* PhotoCollectionViewController.swift */ = {isa = PBXFileReference; lastKnownFileType = sourcecode.swift; path = PhotoCollectionViewController.swift; sourceTree = "<group>"; };
		E00635EA2788198C0017F7D3 /* MSYBaseCollectionViewCell.swift */ = {isa = PBXFileReference; lastKnownFileType = sourcecode.swift; path = MSYBaseCollectionViewCell.swift; sourceTree = "<group>"; };
		E00635ED278819F50017F7D3 /* PhotoCollectionCell.swift */ = {isa = PBXFileReference; lastKnownFileType = sourcecode.swift; path = PhotoCollectionCell.swift; sourceTree = "<group>"; };
		E00635EF27881E7F0017F7D3 /* UIImage+PhotoCollection.swift */ = {isa = PBXFileReference; lastKnownFileType = sourcecode.swift; path = "UIImage+PhotoCollection.swift"; sourceTree = "<group>"; };
		E00635F3278821A40017F7D3 /* PhotoCommentViewController.swift */ = {isa = PBXFileReference; lastKnownFileType = sourcecode.swift; path = PhotoCommentViewController.swift; sourceTree = "<group>"; };
		E00635F627882CD90017F7D3 /* PhotoPageViewController.swift */ = {isa = PBXFileReference; lastKnownFileType = sourcecode.swift; path = PhotoPageViewController.swift; sourceTree = "<group>"; };
		E00635F927883D440017F7D3 /* ZoomedPhotoViewController.swift */ = {isa = PBXFileReference; lastKnownFileType = sourcecode.swift; path = ZoomedPhotoViewController.swift; sourceTree = "<group>"; };
		E0063BBF278415C000E7FEBD /* TDAddItemViewController.swift */ = {isa = PBXFileReference; lastKnownFileType = sourcecode.swift; path = TDAddItemViewController.swift; sourceTree = "<group>"; };
		E0063BC127842B1800E7FEBD /* UIApplication+MSYExtension.swift */ = {isa = PBXFileReference; lastKnownFileType = sourcecode.swift; path = "UIApplication+MSYExtension.swift"; sourceTree = "<group>"; };
		E0063BC32784334200E7FEBD /* TDDetailViewController.swift */ = {isa = PBXFileReference; lastKnownFileType = sourcecode.swift; path = TDDetailViewController.swift; sourceTree = "<group>"; };
		E0063BC5278436B900E7FEBD /* UIView+MSYExtension.swift */ = {isa = PBXFileReference; lastKnownFileType = sourcecode.swift; path = "UIView+MSYExtension.swift"; sourceTree = "<group>"; };
		E0063BCC27844E3B00E7FEBD /* ArtistListViewController.swift */ = {isa = PBXFileReference; lastKnownFileType = sourcecode.swift; path = ArtistListViewController.swift; sourceTree = "<group>"; };
		E0063BCE27844EE300E7FEBD /* ArtistCell.swift */ = {isa = PBXFileReference; lastKnownFileType = sourcecode.swift; path = ArtistCell.swift; sourceTree = "<group>"; };
		E0063BD02784539400E7FEBD /* Artist.swift */ = {isa = PBXFileReference; lastKnownFileType = sourcecode.swift; path = Artist.swift; sourceTree = "<group>"; };
		E0063BD2278453BE00E7FEBD /* artists.json */ = {isa = PBXFileReference; fileEncoding = 4; lastKnownFileType = text.json; path = artists.json; sourceTree = "<group>"; };
		E0063BD4278453C900E7FEBD /* Work.swift */ = {isa = PBXFileReference; lastKnownFileType = sourcecode.swift; path = Work.swift; sourceTree = "<group>"; };
		E01E0B20277EA268004E05B7 /* TDItemListViewController.swift */ = {isa = PBXFileReference; lastKnownFileType = sourcecode.swift; path = TDItemListViewController.swift; sourceTree = "<group>"; };
		E01E0B22277EA2E4004E05B7 /* TDItemListDataProvider.swift */ = {isa = PBXFileReference; lastKnownFileType = sourcecode.swift; path = TDItemListDataProvider.swift; sourceTree = "<group>"; };
		E01E0B27277EA378004E05B7 /* TDItemManager.swift */ = {isa = PBXFileReference; lastKnownFileType = sourcecode.swift; path = TDItemManager.swift; sourceTree = "<group>"; };
		E01E0B29277EA38C004E05B7 /* TDItem.swift */ = {isa = PBXFileReference; lastKnownFileType = sourcecode.swift; path = TDItem.swift; sourceTree = "<group>"; };
		E01E0B2B277EA39B004E05B7 /* TDLocation.swift */ = {isa = PBXFileReference; lastKnownFileType = sourcecode.swift; path = TDLocation.swift; sourceTree = "<group>"; };
		E0243C232785767900D40405 /* UIImage+MSYExtension.swift */ = {isa = PBXFileReference; lastKnownFileType = sourcecode.swift; path = "UIImage+MSYExtension.swift"; sourceTree = "<group>"; };
		E0243C282785885800D40405 /* CandyListViewController.swift */ = {isa = PBXFileReference; lastKnownFileType = sourcecode.swift; path = CandyListViewController.swift; sourceTree = "<group>"; };
		E0243C2A2785888C00D40405 /* Candy.swift */ = {isa = PBXFileReference; lastKnownFileType = sourcecode.swift; path = Candy.swift; sourceTree = "<group>"; };
		E0364644277D454900C0AE32 /* MSYListViewController.swift */ = {isa = PBXFileReference; lastKnownFileType = sourcecode.swift; path = MSYListViewController.swift; sourceTree = "<group>"; };
		E036464A277D84FB00C0AE32 /* FBMeViewController.swift */ = {isa = PBXFileReference; lastKnownFileType = sourcecode.swift; path = FBMeViewController.swift; sourceTree = "<group>"; };
		E036464D277D878700C0AE32 /* FBSpecs.swift */ = {isa = PBXFileReference; lastKnownFileType = sourcecode.swift; path = FBSpecs.swift; sourceTree = "<group>"; };
		E036464F277D881400C0AE32 /* UIColor+FBExtension.swift */ = {isa = PBXFileReference; lastKnownFileType = sourcecode.swift; path = "UIColor+FBExtension.swift"; sourceTree = "<group>"; };
		E0364651277D8CE500C0AE32 /* FBMeBaseCell.swift */ = {isa = PBXFileReference; lastKnownFileType = sourcecode.swift; path = FBMeBaseCell.swift; sourceTree = "<group>"; };
		E0364654277D8D2E00C0AE32 /* MSYBaseTableViewCell.swift */ = {isa = PBXFileReference; lastKnownFileType = sourcecode.swift; path = MSYBaseTableViewCell.swift; sourceTree = "<group>"; };
		E0364658277D8E6400C0AE32 /* UIColor+MSYExtension.swift */ = {isa = PBXFileReference; lastKnownFileType = sourcecode.swift; path = "UIColor+MSYExtension.swift"; sourceTree = "<group>"; };
		E036465A277D924A00C0AE32 /* FBTableKeys.swift */ = {isa = PBXFileReference; lastKnownFileType = sourcecode.swift; path = FBTableKeys.swift; sourceTree = "<group>"; };
		E036465C277D929C00C0AE32 /* FBMeUser.swift */ = {isa = PBXFileReference; lastKnownFileType = sourcecode.swift; path = FBMeUser.swift; sourceTree = "<group>"; };
		E039AA8D2787240A00E7E45D /* NewsListViewController.swift */ = {isa = PBXFileReference; lastKnownFileType = sourcecode.swift; path = NewsListViewController.swift; sourceTree = "<group>"; };
		E039AA8F278724BF00E7E45D /* NewsListCell.swift */ = {isa = PBXFileReference; lastKnownFileType = sourcecode.swift; path = NewsListCell.swift; sourceTree = "<group>"; };
		E039AA912787294100E7E45D /* FeedParser.swift */ = {isa = PBXFileReference; lastKnownFileType = sourcecode.swift; path = FeedParser.swift; sourceTree = "<group>"; };
		E04F75A12786A30900E8DE2C /* PokedexGoListViewController.swift */ = {isa = PBXFileReference; lastKnownFileType = sourcecode.swift; path = PokedexGoListViewController.swift; sourceTree = "<group>"; };
		E04F75A32786DD5900E8DE2C /* PokedexGoListCell.swift */ = {isa = PBXFileReference; lastKnownFileType = sourcecode.swift; path = PokedexGoListCell.swift; sourceTree = "<group>"; };
		E04F75A52786E23D00E8DE2C /* Pokemon.swift */ = {isa = PBXFileReference; lastKnownFileType = sourcecode.swift; path = Pokemon.swift; sourceTree = "<group>"; };
		E04F75A72786E2ED00E8DE2C /* PokemonConstants.swift */ = {isa = PBXFileReference; lastKnownFileType = sourcecode.swift; path = PokemonConstants.swift; sourceTree = "<group>"; };
		E04F75A92786E3AC00E8DE2C /* LibraryAPI.swift */ = {isa = PBXFileReference; lastKnownFileType = sourcecode.swift; path = LibraryAPI.swift; sourceTree = "<group>"; };
		E04F75AB2786EF8B00E8DE2C /* PersistencyManager.swift */ = {isa = PBXFileReference; lastKnownFileType = sourcecode.swift; path = PersistencyManager.swift; sourceTree = "<group>"; };
		E04F75AD2786F5C600E8DE2C /* PokedexGoDetailViewController.swift */ = {isa = PBXFileReference; lastKnownFileType = sourcecode.swift; path = PokedexGoDetailViewController.swift; sourceTree = "<group>"; };
		E05505FC27859A5700A8E175 /* CandyDetailViewController.swift */ = {isa = PBXFileReference; lastKnownFileType = sourcecode.swift; path = CandyDetailViewController.swift; sourceTree = "<group>"; };
		E05FD382278C318F00FFEFCB /* InterestsViewController.swift */ = {isa = PBXFileReference; lastKnownFileType = sourcecode.swift; path = InterestsViewController.swift; sourceTree = "<group>"; };
		E05FD384278C333000FFEFCB /* InterestsCollectionViewCell.swift */ = {isa = PBXFileReference; lastKnownFileType = sourcecode.swift; path = InterestsCollectionViewCell.swift; sourceTree = "<group>"; };
		E05FD386278C340900FFEFCB /* Interest.swift */ = {isa = PBXFileReference; lastKnownFileType = sourcecode.swift; path = Interest.swift; sourceTree = "<group>"; };
		E0872EA527848E4200C6B2DF /* ArtistDetailViewController.swift */ = {isa = PBXFileReference; lastKnownFileType = sourcecode.swift; path = ArtistDetailViewController.swift; sourceTree = "<group>"; };
		E0872EA727848F8400C6B2DF /* WorkCell.swift */ = {isa = PBXFileReference; lastKnownFileType = sourcecode.swift; path = WorkCell.swift; sourceTree = "<group>"; };
		E0D33A88277C12A1002ECAF1 /* PluginTableView.swift */ = {isa = PBXFileReference; fileEncoding = 4; lastKnownFileType = sourcecode.swift; path = PluginTableView.swift; sourceTree = "<group>"; };
		E0D33A89277C12A1002ECAF1 /* Configurator.swift */ = {isa = PBXFileReference; fileEncoding = 4; lastKnownFileType = sourcecode.swift; path = Configurator.swift; sourceTree = "<group>"; };
		E0D33A8A277C12A1002ECAF1 /* Section.swift */ = {isa = PBXFileReference; fileEncoding = 4; lastKnownFileType = sourcecode.swift; path = Section.swift; sourceTree = "<group>"; };
		E0D33A8B277C12A1002ECAF1 /* DataSource.swift */ = {isa = PBXFileReference; fileEncoding = 4; lastKnownFileType = sourcecode.swift; path = DataSource.swift; sourceTree = "<group>"; };
		E0D33A8D277C12A1002ECAF1 /* ATShareMacro.swift */ = {isa = PBXFileReference; fileEncoding = 4; lastKnownFileType = sourcecode.swift; path = ATShareMacro.swift; sourceTree = "<group>"; };
		E0D33A8E277C12A1002ECAF1 /* MSYBaseViewController.swift */ = {isa = PBXFileReference; fileEncoding = 4; lastKnownFileType = sourcecode.swift; path = MSYBaseViewController.swift; sourceTree = "<group>"; };
		E0D33A95277C1453002ECAF1 /* MSYKitFoundationViewController.swift */ = {isa = PBXFileReference; lastKnownFileType = sourcecode.swift; path = MSYKitFoundationViewController.swift; sourceTree = "<group>"; };
		E0D33A99277C32EF002ECAF1 /* GoodAsOldPhonesTabBarCtr.swift */ = {isa = PBXFileReference; lastKnownFileType = sourcecode.swift; path = GoodAsOldPhonesTabBarCtr.swift; sourceTree = "<group>"; };
		E0D33A9B277C33AD002ECAF1 /* ProductListViewController.swift */ = {isa = PBXFileReference; lastKnownFileType = sourcecode.swift; path = ProductListViewController.swift; sourceTree = "<group>"; };
		E0D33A9D277C34CA002ECAF1 /* ContactViewController.swift */ = {isa = PBXFileReference; lastKnownFileType = sourcecode.swift; path = ContactViewController.swift; sourceTree = "<group>"; };
		E0D33A9F277C6261002ECAF1 /* MSYNavigationController.swift */ = {isa = PBXFileReference; lastKnownFileType = sourcecode.swift; path = MSYNavigationController.swift; sourceTree = "<group>"; };
		E0D33AA3277C6435002ECAF1 /* Product.swift */ = {isa = PBXFileReference; lastKnownFileType = sourcecode.swift; path = Product.swift; sourceTree = "<group>"; };
		E0D33AA5277C65EF002ECAF1 /* ProductViewController.swift */ = {isa = PBXFileReference; lastKnownFileType = sourcecode.swift; path = ProductViewController.swift; sourceTree = "<group>"; };
		E0D33AA8277C6CCC002ECAF1 /* StopwatchViewController.swift */ = {isa = PBXFileReference; lastKnownFileType = sourcecode.swift; path = StopwatchViewController.swift; sourceTree = "<group>"; };
		E0D33AAA277C6D28002ECAF1 /* Stopwatch.swift */ = {isa = PBXFileReference; lastKnownFileType = sourcecode.swift; path = Stopwatch.swift; sourceTree = "<group>"; };
		E0D49A572783F52F007815BA /* TDConstants.swift */ = {isa = PBXFileReference; lastKnownFileType = sourcecode.swift; path = TDConstants.swift; sourceTree = "<group>"; };
		E0D49A592783F610007815BA /* TDItemCell.swift */ = {isa = PBXFileReference; lastKnownFileType = sourcecode.swift; path = TDItemCell.swift; sourceTree = "<group>"; };
		E0F38149277B1B09002CF7B3 /* SwiftProjects.app */ = {isa = PBXFileReference; explicitFileType = wrapper.application; includeInIndex = 0; path = SwiftProjects.app; sourceTree = BUILT_PRODUCTS_DIR; };
		E0F3814C277B1B09002CF7B3 /* AppDelegate.swift */ = {isa = PBXFileReference; lastKnownFileType = sourcecode.swift; path = AppDelegate.swift; sourceTree = "<group>"; };
		E0F3814E277B1B09002CF7B3 /* SceneDelegate.swift */ = {isa = PBXFileReference; lastKnownFileType = sourcecode.swift; path = SceneDelegate.swift; sourceTree = "<group>"; };
		E0F38150277B1B09002CF7B3 /* ViewController.swift */ = {isa = PBXFileReference; lastKnownFileType = sourcecode.swift; path = ViewController.swift; sourceTree = "<group>"; };
		E0F38153277B1B09002CF7B3 /* Base */ = {isa = PBXFileReference; lastKnownFileType = file.storyboard; name = Base; path = Base.lproj/Main.storyboard; sourceTree = "<group>"; };
		E0F38155277B1B0A002CF7B3 /* Assets.xcassets */ = {isa = PBXFileReference; lastKnownFileType = folder.assetcatalog; path = Assets.xcassets; sourceTree = "<group>"; };
		E0F38158277B1B0A002CF7B3 /* Base */ = {isa = PBXFileReference; lastKnownFileType = file.storyboard; name = Base; path = Base.lproj/LaunchScreen.storyboard; sourceTree = "<group>"; };
		E0F3815A277B1B0A002CF7B3 /* Info.plist */ = {isa = PBXFileReference; lastKnownFileType = text.plist.xml; path = Info.plist; sourceTree = "<group>"; };
		E0F38162277B1C67002CF7B3 /* MSYTabBarCtrConfig.swift */ = {isa = PBXFileReference; lastKnownFileType = sourcecode.swift; path = MSYTabBarCtrConfig.swift; sourceTree = "<group>"; };
/* End PBXFileReference section */

/* Begin PBXFrameworksBuildPhase section */
		E0F38146277B1B09002CF7B3 /* Frameworks */ = {
			isa = PBXFrameworksBuildPhase;
			buildActionMask = 2147483647;
			files = (
				A4F37F87084D5408F4F72E26 /* Pods_SwiftProjects.framework in Frameworks */,
			);
			runOnlyForDeploymentPostprocessing = 0;
		};
/* End PBXFrameworksBuildPhase section */

/* Begin PBXGroup section */
		3742242C925E5D94B1E26ABB /* Frameworks */ = {
			isa = PBXGroup;
			children = (
				413442FB6586B0E95965910F /* Pods_SwiftProjects.framework */,
			);
			name = Frameworks;
			sourceTree = "<group>";
		};
		511C2DDCAE6933EED40D1041 /* Pods */ = {
			isa = PBXGroup;
			children = (
				8AFA3D98B2232C3B120FDD56 /* Pods-SwiftProjects.debug.xcconfig */,
				4B39F81A3B319EC57AF0E507 /* Pods-SwiftProjects.release.xcconfig */,
			);
			path = Pods;
			sourceTree = "<group>";
		};
		7E7021EF2793E63700AE09EC /* 13-TwitterBird */ = {
			isa = PBXGroup;
			children = (
				7E7021F02793E65500AE09EC /* TwitterBirdViewController.swift */,
			);
			path = "13-TwitterBird";
			sourceTree = "<group>";
		};
		7E7021F22793EC8400AE09EC /* 14-QuoraDots */ = {
			isa = PBXGroup;
			children = (
				7E7021F32793F1B500AE09EC /* QuoraDotsViewController.swift */,
			);
			path = "14-QuoraDots";
			sourceTree = "<group>";
		};
		7E7021F52794001C00AE09EC /* 15-SnapchatMenu */ = {
			isa = PBXGroup;
			children = (
				7E7021F62794007700AE09EC /* SnapMainViewController.swift */,
				7E7021F82794033200AE09EC /* SnapChatViewController.swift */,
				7E7021FA2794034800AE09EC /* SnapStoriesViewController.swift */,
				7E7021FC2794035500AE09EC /* SnapDiscoverViewController.swift */,
				7E7021FE2794037E00AE09EC /* SnapCommon.swift */,
			);
			path = "15-SnapchatMenu";
			sourceTree = "<group>";
		};
		7E702200279412FA00AE09EC /* 16-SpotifySignIn */ = {
			isa = PBXGroup;
			children = (
				7E7022032794145C00AE09EC /* SpotifyMaster */,
				7E7022022794145100AE09EC /* Library */,
				7E7022012794144A00AE09EC /* Files */,
			);
			path = "16-SpotifySignIn";
			sourceTree = "<group>";
		};
		7E7022012794144A00AE09EC /* Files */ = {
			isa = PBXGroup;
			children = (
				7E7022062794149400AE09EC /* moments.mp4 */,
			);
			path = Files;
			sourceTree = "<group>";
		};
		7E7022022794145100AE09EC /* Library */ = {
			isa = PBXGroup;
			children = (
				7E74262327944B55002405D4 /* VideoSplashViewController.swift */,
				7E74262527944DC2002405D4 /* VideoCutter.swift */,
			);
			path = Library;
			sourceTree = "<group>";
		};
		7E7022032794145C00AE09EC /* SpotifyMaster */ = {
			isa = PBXGroup;
			children = (
				7E7022042794147800AE09EC /* SpotifyMasterViewController.swift */,
			);
			path = SpotifyMaster;
			sourceTree = "<group>";
		};
		7E742629279460CC002405D4 /* DesignPattern */ = {
			isa = PBXGroup;
			children = (
				7E74262A279460FA002405D4 /* DesignPatternListViewController.swift */,
			);
			path = DesignPattern;
			sourceTree = "<group>";
		};
		7E74262C27946ACC002405D4 /* Library & Kit */ = {
			isa = PBXGroup;
			children = (
				7E74262D27946AF3002405D4 /* LibraryAndKitListViewController.swift */,
				7E74262F27946B95002405D4 /* 21-Browser */,
			);
			path = "Library & Kit";
			sourceTree = "<group>";
		};
		7E74262F27946B95002405D4 /* 21-Browser */ = {
			isa = PBXGroup;
			children = (
				7E74263027946BB1002405D4 /* BrowserViewController.swift */,
			);
			path = "21-Browser";
			sourceTree = "<group>";
		};
		7E9243E52791ADD300D4439E /* Animations */ = {
			isa = PBXGroup;
			children = (
				7E9243E62791AE0600D4439E /* MSYAnimationsListViewController.swift */,
				7E702200279412FA00AE09EC /* 16-SpotifySignIn */,
				7E7021F52794001C00AE09EC /* 15-SnapchatMenu */,
				7E7021F22793EC8400AE09EC /* 14-QuoraDots */,
				7E7021EF2793E63700AE09EC /* 13-TwitterBird */,
				7E9243EF2791D1A900D4439E /* 12-Tumblr */,
				7E9243E82791B1A000D4439E /* 11-Animations */,
			);
			path = Animations;
			sourceTree = "<group>";
		};
		7E9243E82791B1A000D4439E /* 11-Animations */ = {
			isa = PBXGroup;
			children = (
				7E9243E92791B1D700D4439E /* AnimationsExampleViewController.swift */,
				7E9243EB2791BA6000D4439E /* AnimationDetailViewController.swift */,
				7E9243ED2791BBDE00D4439E /* AnimationCommon.swift */,
			);
			path = "11-Animations";
			sourceTree = "<group>";
		};
		7E9243EF2791D1A900D4439E /* 12-Tumblr */ = {
			isa = PBXGroup;
			children = (
				7E9243F02791D1D500D4439E /* TumblrMainViewController.swift */,
				7E9243F22791DB4D00D4439E /* TumblrMenuViewController.swift */,
				7E9243F42791DB5F00D4439E /* TumblrMenuItemView.swift */,
				7EB6A11427930F7B00B50AAD /* TransitionManager.swift */,
			);
			path = "12-Tumblr";
			sourceTree = "<group>";
		};
		7EAD2937278C60F0005FDD3E /* Example_collectionView */ = {
			isa = PBXGroup;
			children = (
				7EAD2938278C6105005FDD3E /* 19-Pinterest */,
			);
			path = Example_collectionView;
			sourceTree = "<group>";
		};
		7EAD2938278C6105005FDD3E /* 19-Pinterest */ = {
			isa = PBXGroup;
			children = (
				7EAD294A278C6E71005FDD3E /* Layouts */,
				7EAD293D278C61D1005FDD3E /* Controller */,
				7EAD293C278C61C9005FDD3E /* View */,
				7EAD293B278C61C3005FDD3E /* Model */,
				7EAD293A278C61B4005FDD3E /* Extensions */,
				7EAD2939278C6183005FDD3E /* Resource */,
			);
			path = "19-Pinterest";
			sourceTree = "<group>";
		};
		7EAD2939278C6183005FDD3E /* Resource */ = {
			isa = PBXGroup;
			children = (
				7EAD2942278C6546005FDD3E /* Photos.plist */,
			);
			path = Resource;
			sourceTree = "<group>";
		};
		7EAD293A278C61B4005FDD3E /* Extensions */ = {
			isa = PBXGroup;
			children = (
				7EAD2944278C659F005FDD3E /* UIImage+Decompression.swift */,
			);
			path = Extensions;
			sourceTree = "<group>";
		};
		7EAD293B278C61C3005FDD3E /* Model */ = {
			isa = PBXGroup;
			children = (
				7EAD2940278C64F4005FDD3E /* PhotoItem.swift */,
			);
			path = Model;
			sourceTree = "<group>";
		};
		7EAD293C278C61C9005FDD3E /* View */ = {
			isa = PBXGroup;
			children = (
				7EAD2946278C6962005FDD3E /* AnnotatedPhotoCell.swift */,
				7EAD2948278C69C0005FDD3E /* RoundedCornersView.swift */,
			);
			path = View;
			sourceTree = "<group>";
		};
		7EAD293D278C61D1005FDD3E /* Controller */ = {
			isa = PBXGroup;
			children = (
				7EAD293E278C61FA005FDD3E /* PhotoStreamViewController.swift */,
			);
			path = Controller;
			sourceTree = "<group>";
		};
		7EAD294A278C6E71005FDD3E /* Layouts */ = {
			isa = PBXGroup;
			children = (
				7EAD294B278C6EC9005FDD3E /* PinterestLayout.swift */,
			);
			path = Layouts;
			sourceTree = "<group>";
		};
		E00635E5278814F10017F7D3 /* Example_ScrollView */ = {
			isa = PBXGroup;
			children = (
				E05FD381278C314100FFEFCB /* 10-Interests */,
				E00635E6278815230017F7D3 /* 09-PhotoScroll */,
			);
			path = Example_ScrollView;
			sourceTree = "<group>";
		};
		E00635E6278815230017F7D3 /* 09-PhotoScroll */ = {
			isa = PBXGroup;
			children = (
				E00635F1278821750017F7D3 /* Collection */,
				E00635F5278829320017F7D3 /* Page */,
				E00635F22788218A0017F7D3 /* Comment */,
				E00635F827883D090017F7D3 /* zooming */,
			);
			path = "09-PhotoScroll";
			sourceTree = "<group>";
		};
		E00635F1278821750017F7D3 /* Collection */ = {
			isa = PBXGroup;
			children = (
				E00635E8278818730017F7D3 /* PhotoCollectionViewController.swift */,
				E00635ED278819F50017F7D3 /* PhotoCollectionCell.swift */,
				E00635EF27881E7F0017F7D3 /* UIImage+PhotoCollection.swift */,
			);
			path = Collection;
			sourceTree = "<group>";
		};
		E00635F22788218A0017F7D3 /* Comment */ = {
			isa = PBXGroup;
			children = (
				E00635F3278821A40017F7D3 /* PhotoCommentViewController.swift */,
			);
			path = Comment;
			sourceTree = "<group>";
		};
		E00635F5278829320017F7D3 /* Page */ = {
			isa = PBXGroup;
			children = (
				E00635F627882CD90017F7D3 /* PhotoPageViewController.swift */,
			);
			path = Page;
			sourceTree = "<group>";
		};
		E00635F827883D090017F7D3 /* zooming */ = {
			isa = PBXGroup;
			children = (
				E00635F927883D440017F7D3 /* ZoomedPhotoViewController.swift */,
			);
			path = zooming;
			sourceTree = "<group>";
		};
		E0063BC727844DE000E7FEBD /* 05-Artistry */ = {
			isa = PBXGroup;
			children = (
				E0063BCB27844E3100E7FEBD /* Controller */,
				E0063BCA27844E2B00E7FEBD /* View */,
				E0063BC927844E2300E7FEBD /* Model */,
				E0063BC827844E1500E7FEBD /* Resource */,
			);
			path = "05-Artistry";
			sourceTree = "<group>";
		};
		E0063BC827844E1500E7FEBD /* Resource */ = {
			isa = PBXGroup;
			children = (
				E0063BD2278453BE00E7FEBD /* artists.json */,
			);
			path = Resource;
			sourceTree = "<group>";
		};
		E0063BC927844E2300E7FEBD /* Model */ = {
			isa = PBXGroup;
			children = (
				E0063BD02784539400E7FEBD /* Artist.swift */,
				E0063BD4278453C900E7FEBD /* Work.swift */,
			);
			path = Model;
			sourceTree = "<group>";
		};
		E0063BCA27844E2B00E7FEBD /* View */ = {
			isa = PBXGroup;
			children = (
				E0063BCE27844EE300E7FEBD /* ArtistCell.swift */,
				E0872EA727848F8400C6B2DF /* WorkCell.swift */,
			);
			path = View;
			sourceTree = "<group>";
		};
		E0063BCB27844E3100E7FEBD /* Controller */ = {
			isa = PBXGroup;
			children = (
				E0063BCC27844E3B00E7FEBD /* ArtistListViewController.swift */,
				E0872EA527848E4200C6B2DF /* ArtistDetailViewController.swift */,
			);
			path = Controller;
			sourceTree = "<group>";
		};
		E01E0B1F277EA1FC004E05B7 /* 04-TodoTDD */ = {
			isa = PBXGroup;
			children = (
				E01E0B26277EA341004E05B7 /* Controller */,
				E01E0B25277EA33C004E05B7 /* View */,
				E01E0B24277EA334004E05B7 /* Model */,
				E0D49A562783F4FD007815BA /* Others */,
			);
			path = "04-TodoTDD";
			sourceTree = "<group>";
		};
		E01E0B24277EA334004E05B7 /* Model */ = {
			isa = PBXGroup;
			children = (
				E01E0B27277EA378004E05B7 /* TDItemManager.swift */,
				E01E0B29277EA38C004E05B7 /* TDItem.swift */,
				E01E0B2B277EA39B004E05B7 /* TDLocation.swift */,
			);
			path = Model;
			sourceTree = "<group>";
		};
		E01E0B25277EA33C004E05B7 /* View */ = {
			isa = PBXGroup;
			children = (
				E0D49A592783F610007815BA /* TDItemCell.swift */,
			);
			path = View;
			sourceTree = "<group>";
		};
		E01E0B26277EA341004E05B7 /* Controller */ = {
			isa = PBXGroup;
			children = (
				E01E0B20277EA268004E05B7 /* TDItemListViewController.swift */,
				E01E0B22277EA2E4004E05B7 /* TDItemListDataProvider.swift */,
				E0063BBF278415C000E7FEBD /* TDAddItemViewController.swift */,
				E0063BC32784334200E7FEBD /* TDDetailViewController.swift */,
			);
			path = Controller;
			sourceTree = "<group>";
		};
		E0243C252785880500D40405 /* 06-CandySearch */ = {
			isa = PBXGroup;
			children = (
				E0243C272785883A00D40405 /* Controller */,
				E0243C262785882F00D40405 /* Model */,
			);
			path = "06-CandySearch";
			sourceTree = "<group>";
		};
		E0243C262785882F00D40405 /* Model */ = {
			isa = PBXGroup;
			children = (
				E0243C2A2785888C00D40405 /* Candy.swift */,
			);
			path = Model;
			sourceTree = "<group>";
		};
		E0243C272785883A00D40405 /* Controller */ = {
			isa = PBXGroup;
			children = (
				E0243C282785885800D40405 /* CandyListViewController.swift */,
				E05505FC27859A5700A8E175 /* CandyDetailViewController.swift */,
			);
			path = Controller;
			sourceTree = "<group>";
		};
		E0364646277D584C00C0AE32 /* 03-FacebookMe */ = {
			isa = PBXGroup;
			children = (
				E036464C277D877400C0AE32 /* Helper */,
				E0364649277D84F200C0AE32 /* Controller */,
				E0364648277D84EA00C0AE32 /* View */,
				E0364647277D84E200C0AE32 /* Model */,
			);
			path = "03-FacebookMe";
			sourceTree = "<group>";
		};
		E0364647277D84E200C0AE32 /* Model */ = {
			isa = PBXGroup;
			children = (
				E036465C277D929C00C0AE32 /* FBMeUser.swift */,
			);
			path = Model;
			sourceTree = "<group>";
		};
		E0364648277D84EA00C0AE32 /* View */ = {
			isa = PBXGroup;
			children = (
			);
			path = View;
			sourceTree = "<group>";
		};
		E0364649277D84F200C0AE32 /* Controller */ = {
			isa = PBXGroup;
			children = (
				E036464A277D84FB00C0AE32 /* FBMeViewController.swift */,
				E0364651277D8CE500C0AE32 /* FBMeBaseCell.swift */,
			);
			path = Controller;
			sourceTree = "<group>";
		};
		E036464C277D877400C0AE32 /* Helper */ = {
			isa = PBXGroup;
			children = (
				E036464D277D878700C0AE32 /* FBSpecs.swift */,
				E036464F277D881400C0AE32 /* UIColor+FBExtension.swift */,
				E036465A277D924A00C0AE32 /* FBTableKeys.swift */,
			);
			path = Helper;
			sourceTree = "<group>";
		};
		E0364653277D8D1F00C0AE32 /* BaseClass */ = {
			isa = PBXGroup;
			children = (
				E0D33A9F277C6261002ECAF1 /* MSYNavigationController.swift */,
				E0D33A8E277C12A1002ECAF1 /* MSYBaseViewController.swift */,
				E0364654277D8D2E00C0AE32 /* MSYBaseTableViewCell.swift */,
				E00635EA2788198C0017F7D3 /* MSYBaseCollectionViewCell.swift */,
			);
			path = BaseClass;
			sourceTree = "<group>";
		};
		E0364656277D8DEB00C0AE32 /* Legacy */ = {
			isa = PBXGroup;
			children = (
				E0364657277D8E0400C0AE32 /* Extension */,
				E0364653277D8D1F00C0AE32 /* BaseClass */,
			);
			path = Legacy;
			sourceTree = "<group>";
		};
		E0364657277D8E0400C0AE32 /* Extension */ = {
			isa = PBXGroup;
			children = (
				E0364658277D8E6400C0AE32 /* UIColor+MSYExtension.swift */,
				E0063BC127842B1800E7FEBD /* UIApplication+MSYExtension.swift */,
				E0063BC5278436B900E7FEBD /* UIView+MSYExtension.swift */,
				E0243C232785767900D40405 /* UIImage+MSYExtension.swift */,
				7E74262727944F1D002405D4 /* UIViewController+MSYExtension.swift */,
			);
			path = Extension;
			sourceTree = "<group>";
		};
		E039AA8B27871FC600E7E45D /* 08-SimpleRSSReader */ = {
			isa = PBXGroup;
			children = (
				E039AA8D2787240A00E7E45D /* NewsListViewController.swift */,
				E039AA8F278724BF00E7E45D /* NewsListCell.swift */,
				E039AA912787294100E7E45D /* FeedParser.swift */,
			);
			path = "08-SimpleRSSReader";
			sourceTree = "<group>";
		};
		E04F0950278D1AB0008C5BB1 /* Example_tableView */ = {
			isa = PBXGroup;
			children = (
				E039AA8B27871FC600E7E45D /* 08-SimpleRSSReader */,
				E04F759B2786909400E8DE2C /* 07-PokedexGo */,
				E0243C252785880500D40405 /* 06-CandySearch */,
				E0063BC727844DE000E7FEBD /* 05-Artistry */,
				E01E0B1F277EA1FC004E05B7 /* 04-TodoTDD */,
				E0364646277D584C00C0AE32 /* 03-FacebookMe */,
			);
			path = Example_tableView;
			sourceTree = "<group>";
		};
		E04F759B2786909400E8DE2C /* 07-PokedexGo */ = {
			isa = PBXGroup;
			children = (
				E04F75A02786A13B00E8DE2C /* API */,
				E04F759F2786A13400E8DE2C /* Controller */,
				E04F759E2786A12E00E8DE2C /* View */,
				E04F759D2786A12600E8DE2C /* Model */,
				E04F759C2786A12000E8DE2C /* Helper */,
			);
			path = "07-PokedexGo";
			sourceTree = "<group>";
		};
		E04F759C2786A12000E8DE2C /* Helper */ = {
			isa = PBXGroup;
			children = (
				E04F75A72786E2ED00E8DE2C /* PokemonConstants.swift */,
			);
			path = Helper;
			sourceTree = "<group>";
		};
		E04F759D2786A12600E8DE2C /* Model */ = {
			isa = PBXGroup;
			children = (
				E04F75A52786E23D00E8DE2C /* Pokemon.swift */,
			);
			path = Model;
			sourceTree = "<group>";
		};
		E04F759E2786A12E00E8DE2C /* View */ = {
			isa = PBXGroup;
			children = (
				E04F75A32786DD5900E8DE2C /* PokedexGoListCell.swift */,
			);
			path = View;
			sourceTree = "<group>";
		};
		E04F759F2786A13400E8DE2C /* Controller */ = {
			isa = PBXGroup;
			children = (
				E04F75A12786A30900E8DE2C /* PokedexGoListViewController.swift */,
				E04F75AD2786F5C600E8DE2C /* PokedexGoDetailViewController.swift */,
			);
			path = Controller;
			sourceTree = "<group>";
		};
		E04F75A02786A13B00E8DE2C /* API */ = {
			isa = PBXGroup;
			children = (
				E04F75A92786E3AC00E8DE2C /* LibraryAPI.swift */,
				E04F75AB2786EF8B00E8DE2C /* PersistencyManager.swift */,
			);
			path = API;
			sourceTree = "<group>";
		};
		E05FD381278C314100FFEFCB /* 10-Interests */ = {
			isa = PBXGroup;
			children = (
				E05FD382278C318F00FFEFCB /* InterestsViewController.swift */,
				E05FD384278C333000FFEFCB /* InterestsCollectionViewCell.swift */,
				E05FD386278C340900FFEFCB /* Interest.swift */,
			);
			path = "10-Interests";
			sourceTree = "<group>";
		};
		E0D33A85277BFFE5002ECAF1 /* ListView */ = {
			isa = PBXGroup;
			children = (
				E0364644277D454900C0AE32 /* MSYListViewController.swift */,
				E04F0950278D1AB0008C5BB1 /* Example_tableView */,
				7EAD2937278C60F0005FDD3E /* Example_collectionView */,
				E00635E5278814F10017F7D3 /* Example_ScrollView */,
			);
			path = ListView;
			sourceTree = "<group>";
		};
		E0D33A86277C12A1002ECAF1 /* Common */ = {
			isa = PBXGroup;
			children = (
				E0D33A87277C12A1002ECAF1 /* PluginTableView */,
				E0D33A8C277C12A1002ECAF1 /* ConfigHeader */,
			);
			path = Common;
			sourceTree = "<group>";
		};
		E0D33A87277C12A1002ECAF1 /* PluginTableView */ = {
			isa = PBXGroup;
			children = (
				E0D33A88277C12A1002ECAF1 /* PluginTableView.swift */,
				E0D33A89277C12A1002ECAF1 /* Configurator.swift */,
				E0D33A8A277C12A1002ECAF1 /* Section.swift */,
				E0D33A8B277C12A1002ECAF1 /* DataSource.swift */,
			);
			path = PluginTableView;
			sourceTree = "<group>";
		};
		E0D33A8C277C12A1002ECAF1 /* ConfigHeader */ = {
			isa = PBXGroup;
			children = (
				E0D33A8D277C12A1002ECAF1 /* ATShareMacro.swift */,
			);
			path = ConfigHeader;
			sourceTree = "<group>";
		};
		E0D33A98277C2FF2002ECAF1 /* 01-GoodAsOldPhones */ = {
			isa = PBXGroup;
			children = (
				E0D33A99277C32EF002ECAF1 /* GoodAsOldPhonesTabBarCtr.swift */,
				E0D33A9B277C33AD002ECAF1 /* ProductListViewController.swift */,
				E0D33AA5277C65EF002ECAF1 /* ProductViewController.swift */,
				E0D33A9D277C34CA002ECAF1 /* ContactViewController.swift */,
				E0D33AA3277C6435002ECAF1 /* Product.swift */,
			);
			path = "01-GoodAsOldPhones";
			sourceTree = "<group>";
		};
		E0D33AA7277C6C98002ECAF1 /* 02-Stopwatch */ = {
			isa = PBXGroup;
			children = (
				E0D33AA8277C6CCC002ECAF1 /* StopwatchViewController.swift */,
				E0D33AAA277C6D28002ECAF1 /* Stopwatch.swift */,
			);
			path = "02-Stopwatch";
			sourceTree = "<group>";
		};
		E0D49A562783F4FD007815BA /* Others */ = {
			isa = PBXGroup;
			children = (
				E0D49A572783F52F007815BA /* TDConstants.swift */,
			);
			path = Others;
			sourceTree = "<group>";
		};
		E0F38140277B1B09002CF7B3 = {
			isa = PBXGroup;
			children = (
				E0F3814B277B1B09002CF7B3 /* SwiftProjects */,
				E0F3814A277B1B09002CF7B3 /* Products */,
				511C2DDCAE6933EED40D1041 /* Pods */,
				3742242C925E5D94B1E26ABB /* Frameworks */,
			);
			sourceTree = "<group>";
		};
		E0F3814A277B1B09002CF7B3 /* Products */ = {
			isa = PBXGroup;
			children = (
				E0F38149277B1B09002CF7B3 /* SwiftProjects.app */,
			);
			name = Products;
			sourceTree = "<group>";
		};
		E0F3814B277B1B09002CF7B3 /* SwiftProjects */ = {
			isa = PBXGroup;
			children = (
				E0F3814C277B1B09002CF7B3 /* AppDelegate.swift */,
				E0F3814E277B1B09002CF7B3 /* SceneDelegate.swift */,
				E0F38150277B1B09002CF7B3 /* ViewController.swift */,
				E0364656277D8DEB00C0AE32 /* Legacy */,
				E0D33A86277C12A1002ECAF1 /* Common */,
				E0F38160277B1C49002CF7B3 /* Feature */,
				E0F38152277B1B09002CF7B3 /* Main.storyboard */,
				E0F38155277B1B0A002CF7B3 /* Assets.xcassets */,
				E0F38157277B1B0A002CF7B3 /* LaunchScreen.storyboard */,
				E0F3815A277B1B0A002CF7B3 /* Info.plist */,
			);
			path = SwiftProjects;
			sourceTree = "<group>";
		};
		E0F38160277B1C49002CF7B3 /* Feature */ = {
			isa = PBXGroup;
			children = (
				7E74262C27946ACC002405D4 /* Library & Kit */,
				7E742629279460CC002405D4 /* DesignPattern */,
				7E9243E52791ADD300D4439E /* Animations */,
				E0D33A85277BFFE5002ECAF1 /* ListView */,
				E0F38164277B1FE0002CF7B3 /* UIKit&Foundation */,
				E0F38161277B1C52002CF7B3 /* Main */,
			);
			path = Feature;
			sourceTree = "<group>";
		};
		E0F38161277B1C52002CF7B3 /* Main */ = {
			isa = PBXGroup;
			children = (
				E0F38162277B1C67002CF7B3 /* MSYTabBarCtrConfig.swift */,
			);
			path = Main;
			sourceTree = "<group>";
		};
		E0F38164277B1FE0002CF7B3 /* UIKit&Foundation */ = {
			isa = PBXGroup;
			children = (
				E0D33AA7277C6C98002ECAF1 /* 02-Stopwatch */,
				E0D33A95277C1453002ECAF1 /* MSYKitFoundationViewController.swift */,
				E0D33A98277C2FF2002ECAF1 /* 01-GoodAsOldPhones */,
			);
			path = "UIKit&Foundation";
			sourceTree = "<group>";
		};
/* End PBXGroup section */

/* Begin PBXNativeTarget section */
		E0F38148277B1B09002CF7B3 /* SwiftProjects */ = {
			isa = PBXNativeTarget;
			buildConfigurationList = E0F3815D277B1B0A002CF7B3 /* Build configuration list for PBXNativeTarget "SwiftProjects" */;
			buildPhases = (
				A8D58405F91E1C2A59A9AAAF /* [CP] Check Pods Manifest.lock */,
				E0F38145277B1B09002CF7B3 /* Sources */,
				E0F38146277B1B09002CF7B3 /* Frameworks */,
				E0F38147277B1B09002CF7B3 /* Resources */,
				13342C873270D7D4A1F9319D /* [CP] Embed Pods Frameworks */,
			);
			buildRules = (
			);
			dependencies = (
			);
			name = SwiftProjects;
			productName = SwiftProjects;
			productReference = E0F38149277B1B09002CF7B3 /* SwiftProjects.app */;
			productType = "com.apple.product-type.application";
		};
/* End PBXNativeTarget section */

/* Begin PBXProject section */
		E0F38141277B1B09002CF7B3 /* Project object */ = {
			isa = PBXProject;
			attributes = {
				BuildIndependentTargetsInParallel = 1;
				LastSwiftUpdateCheck = 1310;
				LastUpgradeCheck = 1310;
				TargetAttributes = {
					E0F38148277B1B09002CF7B3 = {
						CreatedOnToolsVersion = 13.1;
					};
				};
			};
			buildConfigurationList = E0F38144277B1B09002CF7B3 /* Build configuration list for PBXProject "SwiftProjects" */;
			compatibilityVersion = "Xcode 13.0";
			developmentRegion = en;
			hasScannedForEncodings = 0;
			knownRegions = (
				en,
				Base,
			);
			mainGroup = E0F38140277B1B09002CF7B3;
			productRefGroup = E0F3814A277B1B09002CF7B3 /* Products */;
			projectDirPath = "";
			projectRoot = "";
			targets = (
				E0F38148277B1B09002CF7B3 /* SwiftProjects */,
			);
		};
/* End PBXProject section */

/* Begin PBXResourcesBuildPhase section */
		E0F38147277B1B09002CF7B3 /* Resources */ = {
			isa = PBXResourcesBuildPhase;
			buildActionMask = 2147483647;
			files = (
				E0F38159277B1B0A002CF7B3 /* LaunchScreen.storyboard in Resources */,
				E0F38156277B1B0A002CF7B3 /* Assets.xcassets in Resources */,
				E0063BD3278453BE00E7FEBD /* artists.json in Resources */,
				7E7022072794149400AE09EC /* moments.mp4 in Resources */,
				E0F38154277B1B09002CF7B3 /* Main.storyboard in Resources */,
				7EAD2943278C6546005FDD3E /* Photos.plist in Resources */,
			);
			runOnlyForDeploymentPostprocessing = 0;
		};
/* End PBXResourcesBuildPhase section */

/* Begin PBXShellScriptBuildPhase section */
		13342C873270D7D4A1F9319D /* [CP] Embed Pods Frameworks */ = {
			isa = PBXShellScriptBuildPhase;
			buildActionMask = 2147483647;
			files = (
			);
			inputFileListPaths = (
				"${PODS_ROOT}/Target Support Files/Pods-SwiftProjects/Pods-SwiftProjects-frameworks-${CONFIGURATION}-input-files.xcfilelist",
			);
			name = "[CP] Embed Pods Frameworks";
			outputFileListPaths = (
				"${PODS_ROOT}/Target Support Files/Pods-SwiftProjects/Pods-SwiftProjects-frameworks-${CONFIGURATION}-output-files.xcfilelist",
			);
			runOnlyForDeploymentPostprocessing = 0;
			shellPath = /bin/sh;
			shellScript = "\"${PODS_ROOT}/Target Support Files/Pods-SwiftProjects/Pods-SwiftProjects-frameworks.sh\"\n";
			showEnvVarsInLog = 0;
		};
		A8D58405F91E1C2A59A9AAAF /* [CP] Check Pods Manifest.lock */ = {
			isa = PBXShellScriptBuildPhase;
			buildActionMask = 2147483647;
			files = (
			);
			inputFileListPaths = (
			);
			inputPaths = (
				"${PODS_PODFILE_DIR_PATH}/Podfile.lock",
				"${PODS_ROOT}/Manifest.lock",
			);
			name = "[CP] Check Pods Manifest.lock";
			outputFileListPaths = (
			);
			outputPaths = (
				"$(DERIVED_FILE_DIR)/Pods-SwiftProjects-checkManifestLockResult.txt",
			);
			runOnlyForDeploymentPostprocessing = 0;
			shellPath = /bin/sh;
			shellScript = "diff \"${PODS_PODFILE_DIR_PATH}/Podfile.lock\" \"${PODS_ROOT}/Manifest.lock\" > /dev/null\nif [ $? != 0 ] ; then\n    # print error to STDERR\n    echo \"error: The sandbox is not in sync with the Podfile.lock. Run 'pod install' or update your CocoaPods installation.\" >&2\n    exit 1\nfi\n# This output is used by Xcode 'outputs' to avoid re-running this script phase.\necho \"SUCCESS\" > \"${SCRIPT_OUTPUT_FILE_0}\"\n";
			showEnvVarsInLog = 0;
		};
/* End PBXShellScriptBuildPhase section */

/* Begin PBXSourcesBuildPhase section */
		E0F38145277B1B09002CF7B3 /* Sources */ = {
			isa = PBXSourcesBuildPhase;
			buildActionMask = 2147483647;
			files = (
				E0D33AA0277C6261002ECAF1 /* MSYNavigationController.swift in Sources */,
				E0D49A5A2783F610007815BA /* TDItemCell.swift in Sources */,
				E0F38151277B1B09002CF7B3 /* ViewController.swift in Sources */,
				E0364652277D8CE500C0AE32 /* FBMeBaseCell.swift in Sources */,
				E01E0B2C277EA39B004E05B7 /* TDLocation.swift in Sources */,
				E0D33AAB277C6D28002ECAF1 /* Stopwatch.swift in Sources */,
				E0063BD12784539400E7FEBD /* Artist.swift in Sources */,
				E0063BC227842B1800E7FEBD /* UIApplication+MSYExtension.swift in Sources */,
				E05FD385278C333000FFEFCB /* InterestsCollectionViewCell.swift in Sources */,
				E01E0B28277EA378004E05B7 /* TDItemManager.swift in Sources */,
				E00635FA27883D440017F7D3 /* ZoomedPhotoViewController.swift in Sources */,
				7EAD2949278C69C0005FDD3E /* RoundedCornersView.swift in Sources */,
				7E7021FD2794035500AE09EC /* SnapDiscoverViewController.swift in Sources */,
				7E7021FB2794034800AE09EC /* SnapStoriesViewController.swift in Sources */,
				7E74262827944F1D002405D4 /* UIViewController+MSYExtension.swift in Sources */,
				E04F75A62786E23D00E8DE2C /* Pokemon.swift in Sources */,
				7E74262627944DC2002405D4 /* VideoCutter.swift in Sources */,
				7EB6A11527930F7B00B50AAD /* TransitionManager.swift in Sources */,
				E04F75AC2786EF8B00E8DE2C /* PersistencyManager.swift in Sources */,
				7EAD2945278C659F005FDD3E /* UIImage+Decompression.swift in Sources */,
				E0D33A9E277C34CA002ECAF1 /* ContactViewController.swift in Sources */,
				E0D33A9C277C33AD002ECAF1 /* ProductListViewController.swift in Sources */,
				E0D33AA6277C65EF002ECAF1 /* ProductViewController.swift in Sources */,
				E0D33A8F277C12A1002ECAF1 /* PluginTableView.swift in Sources */,
				E0F3814D277B1B09002CF7B3 /* AppDelegate.swift in Sources */,
				E0D33A91277C12A1002ECAF1 /* Section.swift in Sources */,
				7E74262B279460FA002405D4 /* DesignPatternListViewController.swift in Sources */,
				E0063BC0278415C000E7FEBD /* TDAddItemViewController.swift in Sources */,
				E0D33AA9277C6CCC002ECAF1 /* StopwatchViewController.swift in Sources */,
				E0D49A582783F52F007815BA /* TDConstants.swift in Sources */,
				E0F3814F277B1B09002CF7B3 /* SceneDelegate.swift in Sources */,
				E0D33A90277C12A1002ECAF1 /* Configurator.swift in Sources */,
				E01E0B2A277EA38C004E05B7 /* TDItem.swift in Sources */,
				E039AA922787294100E7E45D /* FeedParser.swift in Sources */,
				E0D33AA4277C6435002ECAF1 /* Product.swift in Sources */,
				E0063BCF27844EE300E7FEBD /* ArtistCell.swift in Sources */,
				E00635EE278819F50017F7D3 /* PhotoCollectionCell.swift in Sources */,
				E04F75A42786DD5900E8DE2C /* PokedexGoListCell.swift in Sources */,
				7E7021F42793F1B500AE09EC /* QuoraDotsViewController.swift in Sources */,
				7EAD2947278C6962005FDD3E /* AnnotatedPhotoCell.swift in Sources */,
				E04F75A22786A30900E8DE2C /* PokedexGoListViewController.swift in Sources */,
				7E7021F92794033200AE09EC /* SnapChatViewController.swift in Sources */,
				E01E0B21277EA268004E05B7 /* TDItemListViewController.swift in Sources */,
				7E74262E27946AF3002405D4 /* LibraryAndKitListViewController.swift in Sources */,
				E01E0B23277EA2E4004E05B7 /* TDItemListDataProvider.swift in Sources */,
				E0D33A92277C12A1002ECAF1 /* DataSource.swift in Sources */,
				E00635F027881E7F0017F7D3 /* UIImage+PhotoCollection.swift in Sources */,
				E05505FD27859A5700A8E175 /* CandyDetailViewController.swift in Sources */,
				E0364650277D881400C0AE32 /* UIColor+FBExtension.swift in Sources */,
				E0243C242785767900D40405 /* UIImage+MSYExtension.swift in Sources */,
				7E7021F72794007700AE09EC /* SnapMainViewController.swift in Sources */,
				7E9243E72791AE0600D4439E /* MSYAnimationsListViewController.swift in Sources */,
				7E9243EA2791B1D700D4439E /* AnimationsExampleViewController.swift in Sources */,
				E00635EB2788198C0017F7D3 /* MSYBaseCollectionViewCell.swift in Sources */,
				E036464E277D878700C0AE32 /* FBSpecs.swift in Sources */,
				E039AA90278724BF00E7E45D /* NewsListCell.swift in Sources */,
				E04F75A82786E2ED00E8DE2C /* PokemonConstants.swift in Sources */,
				E0872EA827848F8400C6B2DF /* WorkCell.swift in Sources */,
				E0F38163277B1C67002CF7B3 /* MSYTabBarCtrConfig.swift in Sources */,
				E0243C292785885800D40405 /* CandyListViewController.swift in Sources */,
				7E7021FF2794037E00AE09EC /* SnapCommon.swift in Sources */,
				E0063BD5278453C900E7FEBD /* Work.swift in Sources */,
				E0063BCD27844E3B00E7FEBD /* ArtistListViewController.swift in Sources */,
				7EAD293F278C61FA005FDD3E /* PhotoStreamViewController.swift in Sources */,
				7E9243F32791DB4D00D4439E /* TumblrMenuViewController.swift in Sources */,
				E0063BC6278436B900E7FEBD /* UIView+MSYExtension.swift in Sources */,
				E05FD387278C340900FFEFCB /* Interest.swift in Sources */,
				E00635F4278821A40017F7D3 /* PhotoCommentViewController.swift in Sources */,
				E0063BC42784334200E7FEBD /* TDDetailViewController.swift in Sources */,
				E039AA8E2787240A00E7E45D /* NewsListViewController.swift in Sources */,
				7E9243EC2791BA6000D4439E /* AnimationDetailViewController.swift in Sources */,
				7E9243F52791DB5F00D4439E /* TumblrMenuItemView.swift in Sources */,
				7E9243EE2791BBDE00D4439E /* AnimationCommon.swift in Sources */,
				E036464B277D84FB00C0AE32 /* FBMeViewController.swift in Sources */,
				E0243C2B2785888C00D40405 /* Candy.swift in Sources */,
				7E74262427944B55002405D4 /* VideoSplashViewController.swift in Sources */,
				E0364655277D8D2E00C0AE32 /* MSYBaseTableViewCell.swift in Sources */,
				E0D33A94277C12A1002ECAF1 /* MSYBaseViewController.swift in Sources */,
				7EAD294C278C6EC9005FDD3E /* PinterestLayout.swift in Sources */,
				E00635F727882CD90017F7D3 /* PhotoPageViewController.swift in Sources */,
				E0872EA627848E4200C6B2DF /* ArtistDetailViewController.swift in Sources */,
				7E9243F12791D1D500D4439E /* TumblrMainViewController.swift in Sources */,
				E0D33A96277C1453002ECAF1 /* MSYKitFoundationViewController.swift in Sources */,
				7EAD2941278C64F4005FDD3E /* PhotoItem.swift in Sources */,
				E0D33A93277C12A1002ECAF1 /* ATShareMacro.swift in Sources */,
				E036465B277D924A00C0AE32 /* FBTableKeys.swift in Sources */,
				E0364659277D8E6400C0AE32 /* UIColor+MSYExtension.swift in Sources */,
				E04F75AA2786E3AC00E8DE2C /* LibraryAPI.swift in Sources */,
				7E7021F12793E65500AE09EC /* TwitterBirdViewController.swift in Sources */,
				E00635E9278818730017F7D3 /* PhotoCollectionViewController.swift in Sources */,
				7E74263127946BB1002405D4 /* BrowserViewController.swift in Sources */,
				E0364645277D454900C0AE32 /* MSYListViewController.swift in Sources */,
				E036465D277D929C00C0AE32 /* FBMeUser.swift in Sources */,
				E04F75AE2786F5C600E8DE2C /* PokedexGoDetailViewController.swift in Sources */,
				E0D33A9A277C32EF002ECAF1 /* GoodAsOldPhonesTabBarCtr.swift in Sources */,
				E05FD383278C318F00FFEFCB /* InterestsViewController.swift in Sources */,
				7E7022052794147800AE09EC /* SpotifyMasterViewController.swift in Sources */,
			);
			runOnlyForDeploymentPostprocessing = 0;
		};
/* End PBXSourcesBuildPhase section */

/* Begin PBXVariantGroup section */
		E0F38152277B1B09002CF7B3 /* Main.storyboard */ = {
			isa = PBXVariantGroup;
			children = (
				E0F38153277B1B09002CF7B3 /* Base */,
			);
			name = Main.storyboard;
			sourceTree = "<group>";
		};
		E0F38157277B1B0A002CF7B3 /* LaunchScreen.storyboard */ = {
			isa = PBXVariantGroup;
			children = (
				E0F38158277B1B0A002CF7B3 /* Base */,
			);
			name = LaunchScreen.storyboard;
			sourceTree = "<group>";
		};
/* End PBXVariantGroup section */

/* Begin XCBuildConfiguration section */
		E0F3815B277B1B0A002CF7B3 /* Debug */ = {
			isa = XCBuildConfiguration;
			buildSettings = {
				ALWAYS_SEARCH_USER_PATHS = NO;
				CLANG_ANALYZER_NONNULL = YES;
				CLANG_ANALYZER_NUMBER_OBJECT_CONVERSION = YES_AGGRESSIVE;
				CLANG_CXX_LANGUAGE_STANDARD = "gnu++17";
				CLANG_CXX_LIBRARY = "libc++";
				CLANG_ENABLE_MODULES = YES;
				CLANG_ENABLE_OBJC_ARC = YES;
				CLANG_ENABLE_OBJC_WEAK = YES;
				CLANG_WARN_BLOCK_CAPTURE_AUTORELEASING = YES;
				CLANG_WARN_BOOL_CONVERSION = YES;
				CLANG_WARN_COMMA = YES;
				CLANG_WARN_CONSTANT_CONVERSION = YES;
				CLANG_WARN_DEPRECATED_OBJC_IMPLEMENTATIONS = YES;
				CLANG_WARN_DIRECT_OBJC_ISA_USAGE = YES_ERROR;
				CLANG_WARN_DOCUMENTATION_COMMENTS = YES;
				CLANG_WARN_EMPTY_BODY = YES;
				CLANG_WARN_ENUM_CONVERSION = YES;
				CLANG_WARN_INFINITE_RECURSION = YES;
				CLANG_WARN_INT_CONVERSION = YES;
				CLANG_WARN_NON_LITERAL_NULL_CONVERSION = YES;
				CLANG_WARN_OBJC_IMPLICIT_RETAIN_SELF = YES;
				CLANG_WARN_OBJC_LITERAL_CONVERSION = YES;
				CLANG_WARN_OBJC_ROOT_CLASS = YES_ERROR;
				CLANG_WARN_QUOTED_INCLUDE_IN_FRAMEWORK_HEADER = YES;
				CLANG_WARN_RANGE_LOOP_ANALYSIS = YES;
				CLANG_WARN_STRICT_PROTOTYPES = YES;
				CLANG_WARN_SUSPICIOUS_MOVE = YES;
				CLANG_WARN_UNGUARDED_AVAILABILITY = YES_AGGRESSIVE;
				CLANG_WARN_UNREACHABLE_CODE = YES;
				CLANG_WARN__DUPLICATE_METHOD_MATCH = YES;
				COPY_PHASE_STRIP = NO;
				DEBUG_INFORMATION_FORMAT = dwarf;
				ENABLE_STRICT_OBJC_MSGSEND = YES;
				ENABLE_TESTABILITY = YES;
				GCC_C_LANGUAGE_STANDARD = gnu11;
				GCC_DYNAMIC_NO_PIC = NO;
				GCC_NO_COMMON_BLOCKS = YES;
				GCC_OPTIMIZATION_LEVEL = 0;
				GCC_PREPROCESSOR_DEFINITIONS = (
					"DEBUG=1",
					"$(inherited)",
				);
				GCC_WARN_64_TO_32_BIT_CONVERSION = YES;
				GCC_WARN_ABOUT_RETURN_TYPE = YES_ERROR;
				GCC_WARN_UNDECLARED_SELECTOR = YES;
				GCC_WARN_UNINITIALIZED_AUTOS = YES_AGGRESSIVE;
				GCC_WARN_UNUSED_FUNCTION = YES;
				GCC_WARN_UNUSED_VARIABLE = YES;
				IPHONEOS_DEPLOYMENT_TARGET = 13.0;
				MTL_ENABLE_DEBUG_INFO = INCLUDE_SOURCE;
				MTL_FAST_MATH = YES;
				ONLY_ACTIVE_ARCH = YES;
				SDKROOT = iphoneos;
				SWIFT_ACTIVE_COMPILATION_CONDITIONS = DEBUG;
				SWIFT_OPTIMIZATION_LEVEL = "-Onone";
			};
			name = Debug;
		};
		E0F3815C277B1B0A002CF7B3 /* Release */ = {
			isa = XCBuildConfiguration;
			buildSettings = {
				ALWAYS_SEARCH_USER_PATHS = NO;
				CLANG_ANALYZER_NONNULL = YES;
				CLANG_ANALYZER_NUMBER_OBJECT_CONVERSION = YES_AGGRESSIVE;
				CLANG_CXX_LANGUAGE_STANDARD = "gnu++17";
				CLANG_CXX_LIBRARY = "libc++";
				CLANG_ENABLE_MODULES = YES;
				CLANG_ENABLE_OBJC_ARC = YES;
				CLANG_ENABLE_OBJC_WEAK = YES;
				CLANG_WARN_BLOCK_CAPTURE_AUTORELEASING = YES;
				CLANG_WARN_BOOL_CONVERSION = YES;
				CLANG_WARN_COMMA = YES;
				CLANG_WARN_CONSTANT_CONVERSION = YES;
				CLANG_WARN_DEPRECATED_OBJC_IMPLEMENTATIONS = YES;
				CLANG_WARN_DIRECT_OBJC_ISA_USAGE = YES_ERROR;
				CLANG_WARN_DOCUMENTATION_COMMENTS = YES;
				CLANG_WARN_EMPTY_BODY = YES;
				CLANG_WARN_ENUM_CONVERSION = YES;
				CLANG_WARN_INFINITE_RECURSION = YES;
				CLANG_WARN_INT_CONVERSION = YES;
				CLANG_WARN_NON_LITERAL_NULL_CONVERSION = YES;
				CLANG_WARN_OBJC_IMPLICIT_RETAIN_SELF = YES;
				CLANG_WARN_OBJC_LITERAL_CONVERSION = YES;
				CLANG_WARN_OBJC_ROOT_CLASS = YES_ERROR;
				CLANG_WARN_QUOTED_INCLUDE_IN_FRAMEWORK_HEADER = YES;
				CLANG_WARN_RANGE_LOOP_ANALYSIS = YES;
				CLANG_WARN_STRICT_PROTOTYPES = YES;
				CLANG_WARN_SUSPICIOUS_MOVE = YES;
				CLANG_WARN_UNGUARDED_AVAILABILITY = YES_AGGRESSIVE;
				CLANG_WARN_UNREACHABLE_CODE = YES;
				CLANG_WARN__DUPLICATE_METHOD_MATCH = YES;
				COPY_PHASE_STRIP = NO;
				DEBUG_INFORMATION_FORMAT = "dwarf-with-dsym";
				ENABLE_NS_ASSERTIONS = NO;
				ENABLE_STRICT_OBJC_MSGSEND = YES;
				GCC_C_LANGUAGE_STANDARD = gnu11;
				GCC_NO_COMMON_BLOCKS = YES;
				GCC_WARN_64_TO_32_BIT_CONVERSION = YES;
				GCC_WARN_ABOUT_RETURN_TYPE = YES_ERROR;
				GCC_WARN_UNDECLARED_SELECTOR = YES;
				GCC_WARN_UNINITIALIZED_AUTOS = YES_AGGRESSIVE;
				GCC_WARN_UNUSED_FUNCTION = YES;
				GCC_WARN_UNUSED_VARIABLE = YES;
				IPHONEOS_DEPLOYMENT_TARGET = 13.0;
				MTL_ENABLE_DEBUG_INFO = NO;
				MTL_FAST_MATH = YES;
				SDKROOT = iphoneos;
				SWIFT_COMPILATION_MODE = wholemodule;
				SWIFT_OPTIMIZATION_LEVEL = "-O";
				VALIDATE_PRODUCT = YES;
			};
			name = Release;
		};
		E0F3815E277B1B0A002CF7B3 /* Debug */ = {
			isa = XCBuildConfiguration;
			baseConfigurationReference = 8AFA3D98B2232C3B120FDD56 /* Pods-SwiftProjects.debug.xcconfig */;
			buildSettings = {
				ASSETCATALOG_COMPILER_APPICON_NAME = AppIcon;
				ASSETCATALOG_COMPILER_GLOBAL_ACCENT_COLOR_NAME = AccentColor;
				CODE_SIGN_STYLE = Automatic;
				CURRENT_PROJECT_VERSION = 1;
				DEVELOPMENT_TEAM = AY9XK347CD;
				GENERATE_INFOPLIST_FILE = YES;
				INFOPLIST_FILE = SwiftProjects/Info.plist;
				INFOPLIST_KEY_UIApplicationSupportsIndirectInputEvents = YES;
				INFOPLIST_KEY_UILaunchStoryboardName = LaunchScreen;
				INFOPLIST_KEY_UIMainStoryboardFile = Main;
				INFOPLIST_KEY_UISupportedInterfaceOrientations_iPad = "UIInterfaceOrientationPortrait UIInterfaceOrientationPortraitUpsideDown UIInterfaceOrientationLandscapeLeft UIInterfaceOrientationLandscapeRight";
				INFOPLIST_KEY_UISupportedInterfaceOrientations_iPhone = "UIInterfaceOrientationPortrait UIInterfaceOrientationLandscapeLeft UIInterfaceOrientationLandscapeRight";
				IPHONEOS_DEPLOYMENT_TARGET = 13.0;
				LD_RUNPATH_SEARCH_PATHS = (
					"$(inherited)",
					"@executable_path/Frameworks",
				);
				MARKETING_VERSION = 1.0;
				PRODUCT_BUNDLE_IDENTIFIER = FancyPower.com.SwiftProjects;
				PRODUCT_NAME = "$(TARGET_NAME)";
				SWIFT_EMIT_LOC_STRINGS = YES;
				SWIFT_VERSION = 5.0;
				TARGETED_DEVICE_FAMILY = "1,2";
			};
			name = Debug;
		};
		E0F3815F277B1B0A002CF7B3 /* Release */ = {
			isa = XCBuildConfiguration;
			baseConfigurationReference = 4B39F81A3B319EC57AF0E507 /* Pods-SwiftProjects.release.xcconfig */;
			buildSettings = {
				ASSETCATALOG_COMPILER_APPICON_NAME = AppIcon;
				ASSETCATALOG_COMPILER_GLOBAL_ACCENT_COLOR_NAME = AccentColor;
				CODE_SIGN_STYLE = Automatic;
				CURRENT_PROJECT_VERSION = 1;
				DEVELOPMENT_TEAM = AY9XK347CD;
				GENERATE_INFOPLIST_FILE = YES;
				INFOPLIST_FILE = SwiftProjects/Info.plist;
				INFOPLIST_KEY_UIApplicationSupportsIndirectInputEvents = YES;
				INFOPLIST_KEY_UILaunchStoryboardName = LaunchScreen;
				INFOPLIST_KEY_UIMainStoryboardFile = Main;
				INFOPLIST_KEY_UISupportedInterfaceOrientations_iPad = "UIInterfaceOrientationPortrait UIInterfaceOrientationPortraitUpsideDown UIInterfaceOrientationLandscapeLeft UIInterfaceOrientationLandscapeRight";
				INFOPLIST_KEY_UISupportedInterfaceOrientations_iPhone = "UIInterfaceOrientationPortrait UIInterfaceOrientationLandscapeLeft UIInterfaceOrientationLandscapeRight";
				IPHONEOS_DEPLOYMENT_TARGET = 13.0;
				LD_RUNPATH_SEARCH_PATHS = (
					"$(inherited)",
					"@executable_path/Frameworks",
				);
				MARKETING_VERSION = 1.0;
				PRODUCT_BUNDLE_IDENTIFIER = FancyPower.com.SwiftProjects;
				PRODUCT_NAME = "$(TARGET_NAME)";
				SWIFT_EMIT_LOC_STRINGS = YES;
				SWIFT_VERSION = 5.0;
				TARGETED_DEVICE_FAMILY = "1,2";
			};
			name = Release;
		};
/* End XCBuildConfiguration section */

/* Begin XCConfigurationList section */
		E0F38144277B1B09002CF7B3 /* Build configuration list for PBXProject "SwiftProjects" */ = {
			isa = XCConfigurationList;
			buildConfigurations = (
				E0F3815B277B1B0A002CF7B3 /* Debug */,
				E0F3815C277B1B0A002CF7B3 /* Release */,
			);
			defaultConfigurationIsVisible = 0;
			defaultConfigurationName = Release;
		};
		E0F3815D277B1B0A002CF7B3 /* Build configuration list for PBXNativeTarget "SwiftProjects" */ = {
			isa = XCConfigurationList;
			buildConfigurations = (
				E0F3815E277B1B0A002CF7B3 /* Debug */,
				E0F3815F277B1B0A002CF7B3 /* Release */,
			);
			defaultConfigurationIsVisible = 0;
			defaultConfigurationName = Release;
		};
/* End XCConfigurationList section */
	};
	rootObject = E0F38141277B1B09002CF7B3 /* Project object */;
}
